
Microsoft Visual Studio Solution File, Format Version 10.00
# Visual C++ Express 2008
Project("{8BC9CEB8-8B4A-11D0-8D11-00A0C91BC942}") = "RenameWaferFiles", "RenameWaferFiles.vcproj", "{97F4F82C-669F-487F-B786-E145883A1B8C}"
EndProject
Global
	GlobalSection(SolutionConfigurationPlatforms) = preSolution
		Debug|Win32 = Debug|Win32
		Release|Win32 = Release|Win32
	EndGlobalSection
	GlobalSection(ProjectConfigurationPlatforms) = postSolution
		{97F4F82C-669F-487F-B786-E145883A1B8C}.Debug|Win32.ActiveCfg = Debug|Win32
		{97F4F82C-669F-487F-B786-E145883A1B8C}.Debug|Win32.Build.0 = Debug|Win32
		{97F4F82C-669F-487F-B786-E145883A1B8C}.Release|Win32.ActiveCfg = Release|Win32
		{97F4F82C-669F-487F-B786-E145883A1B8C}.Release|Win32.Build.0 = Release|Win32
	EndGlobalSection
	GlobalSection(SolutionProperties) = preSolution
		HideSolutionNode = FALSE
	EndGlobalSection
EndGlobal
