<?xml version="1.0" encoding="utf-8"?>
<Project ToolsVersion="4.0" xmlns="http://schemas.microsoft.com/developer/msbuild/2003">
  <ItemGroup>
    <Filter Include="Source Files">
      <UniqueIdentifier>{4FC737F1-C7A5-4376-A066-2A32D752A2FF}</UniqueIdentifier>
      <Extensions>cpp;c;cc;cxx;def;odl;idl;hpj;bat;asm;asmx</Extensions>
    </Filter>
    <Filter Include="Header Files">
      <UniqueIdentifier>{93995380-89BD-4b04-88EB-625FBE52EBFB}</UniqueIdentifier>
      <Extensions>h;hpp;hxx;hm;inl;inc;xsd</Extensions>
    </Filter>
    <Filter Include="Resource Files">
      <UniqueIdentifier>{67DA6AB6-F800-4c08-8B7A-83BB121AAD01}</UniqueIdentifier>
      <Extensions>rc;ico;cur;bmp;dlg;rc2;rct;bin;rgs;gif;jpg;jpeg;jpe;resx;tiff;tif;png;wav</Extensions>
    </Filter>
  </ItemGroup>
  <ItemGroup>
    <ClCompile Include="CDataFile.cpp">
      <Filter>Source Files</Filter>
    </ClCompile>
    <ClCompile Include="Clusterizer.cpp">
      <Filter>Source Files</Filter>
    </ClCompile>
    <ClCompile Include="ConfDataArray.cpp">
      <Filter>Source Files</Filter>
    </ClCompile>
    <ClCompile Include="ConfigFEMemory.cpp">
      <Filter>Source Files</Filter>
    </ClCompile>
    <ClCompile Include="ConfigRegister.cpp">
      <Filter>Source Files</Filter>
    </ClCompile>
    <ClCompile Include="MemoryArbiterStatusRegister.cpp">
      <Filter>Source Files</Filter>
    </ClCompile>
    <ClCompile Include="ReadoutStatusRegister.cpp">
      <Filter>Source Files</Filter>
    </ClCompile>
    <ClCompile Include="Records.cpp">
      <Filter>Source Files</Filter>
    </ClCompile>
    <ClCompile Include="stdafx.cpp">
      <Filter>Source Files</Filter>
    </ClCompile>
    <ClCompile Include="USBpix.cpp">
      <Filter>Source Files</Filter>
    </ClCompile>
    <ClCompile Include="USBPixI4DCS.cpp">
      <Filter>Source Files</Filter>
    </ClCompile>
    <ClCompile Include="RawDataHistogrammer.cpp">
      <Filter>Source Files</Filter>
    </ClCompile>
    <ClCompile Include="RawFileWriter.cpp">
      <Filter>Source Files</Filter>
    </ClCompile>
  </ItemGroup>
  <ItemGroup>
    <QT_MOC Include="MemoryArbiterStatusRegister.h">
      <Filter>Header Files</Filter>
    </QT_MOC>
    <QT_MOC Include="ReadoutStatusRegister.h">
      <Filter>Header Files</Filter>
    </QT_MOC>
    <QT_MOC Include="Records.h">
      <Filter>Header Files</Filter>
    </QT_MOC>
    <QT_MOC Include="RawFileWriter.h">
      <Filter>Header Files</Filter>
    </QT_MOC>
    <QT_MOC Include="RawDataHistogrammer.h">
      <Filter>Header Files</Filter>
    </QT_MOC>
  </ItemGroup>
  <ItemGroup>
    <None Include="test.cd" />
  </ItemGroup>
  <ItemGroup>
    <CustomBuild Include="CDataFile.h">
      <Filter>Header Files</Filter>
    </CustomBuild>
    <CustomBuild Include="Clusterizer.h">
      <Filter>Header Files</Filter>
    </CustomBuild>
    <CustomBuild Include="ConfDataArray.h">
      <Filter>Header Files</Filter>
    </CustomBuild>
    <CustomBuild Include="ConfigFEMemory.h">
      <Filter>Header Files</Filter>
    </CustomBuild>
    <CustomBuild Include="ConfigRegister.h">
      <Filter>Header Files</Filter>
    </CustomBuild>
    <CustomBuild Include="DataStruct.h">
      <Filter>Header Files</Filter>
    </CustomBuild>
    <CustomBuild Include="DataStructDefines.h">
      <Filter>Header Files</Filter>
    </CustomBuild>
    <CustomBuild Include="debug.h">
      <Filter>Header Files</Filter>
    </CustomBuild>
    <CustomBuild Include="defines.h">
      <Filter>Header Files</Filter>
    </CustomBuild>
    <CustomBuild Include="..\inc\HL_GPAC.h">
      <Filter>Header Files</Filter>
    </CustomBuild>
    <CustomBuild Include="..\inc\SiLibUSB.h">
      <Filter>Header Files</Filter>
    </CustomBuild>
    <CustomBuild Include="stdafx.h">
      <Filter>Header Files</Filter>
    </CustomBuild>
    <CustomBuild Include="USBpix.h">
      <Filter>Header Files</Filter>
    </CustomBuild>
    <CustomBuild Include="USBPixI4DCS.h">
      <Filter>Header Files</Filter>
    </CustomBuild>
  </ItemGroup>
</Project>